github.com/google/flatbuffers v24.3.25+incompatible h1:CX395cjN9Kke9mmalRoL3d81AtFUxJM+yDthflgJGkI=
github.com/google/flatbuffers v24.3.25+incompatible/go.mod h1:1AeVuKshWv4vARoZatz6mlQ0JxURH0Kv5+zNeJKJCa8=
github.com/google/uuid v1.6.0 h1:NIvaJDMOsjHA8n1jAhLSgzrAzy1Hgr+hNrb57e+94F0=
github.com/google/uuid v1.6.0/go.mod h1:TIyPZe4MgqvfeYDBFedMoGGpEw/LqOeaOT+nhxU+yHo=
github.com/kataras/go-events v0.0.3 h1:o5YK53uURXtrlg7qE/vovxd/yKOJcLuFtPQbf1rYMC4=
github.com/kataras/go-events v0.0.3/go.mod h1:bFBgtzwwzrag7kQmGuU1ZaVxhK2qseYPQomXoVEMsj4=
